// !$*UTF8*$!
{
	archiveVersion = 1;
	classes = {
	};
	objectVersion = 77;
	objects = {

/* Begin PBXBuildFile section */
		E51993B02DE8137E00794AF4 /* AudioStreaming in Frameworks */ = {isa = PBXBuildFile; productRef = E51993AF2DE8137E00794AF4 /* AudioStreaming */; };
		E537021B2E15D47B00413729 /* LRUCache in Frameworks */ = {isa = PBXBuildFile; productRef = E537021A2E15D47B00413729 /* LRUCache */; };
		E5B012152DFD0D4000D18639 /* MusadoraKit in Frameworks */ = {isa = PBXBuildFile; productRef = E5B012142DFD0D4000D18639 /* MusadoraKit */; };
		E5ECBBA62DFCD1F900F74780 /* MusadoraKit in Frameworks */ = {isa = PBXBuildFile; productRef = E5ECBBA52DFCD1F900F74780 /* MusadoraKit */; };
/* End PBXBuildFile section */

/* Begin PBXFileReference section */
		E51993A62DE811F600794AF4 /* RP.xcodeproj */ = {isa = PBXFileReference; lastKnownFileType = "wrapper.pb-project"; path = RP.xcodeproj; sourceTree = "<group>"; };
		E51993B82DEA259300794AF4 /* RP.xcodeproj */ = {isa = PBXFileReference; lastKnownFileType = "wrapper.pb-project"; path = RP.xcodeproj; sourceTree = "<group>"; };
		E51DF7472E03B98C004AEF37 /* RP.xcodeproj */ = {isa = PBXFileReference; lastKnownFileType = "wrapper.pb-project"; path = RP.xcodeproj; sourceTree = "<group>"; };
		E537020C2E15B47700413729 /* RP.xcodeproj */ = {isa = PBXFileReference; lastKnownFileType = "wrapper.pb-project"; path = RP.xcodeproj; sourceTree = "<group>"; };
		E59A91152E0A46E400E0983C /* RP.xcodeproj */ = {isa = PBXFileReference; lastKnownFileType = "wrapper.pb-project"; path = RP.xcodeproj; sourceTree = "<group>"; };
		E5AC0F6A2DE4E90500B0836E /* Radio Paradise.app */ = {isa = PBXFileReference; explicitFileType = wrapper.application; includeInIndex = 0; path = "Radio Paradise.app"; sourceTree = BUILT_PRODUCTS_DIR; };
		E5AC0F832DE4EABE00B0836E /* RP.xcodeproj */ = {isa = PBXFileReference; lastKnownFileType = "wrapper.pb-project"; path = RP.xcodeproj; sourceTree = "<group>"; };
		E5B012062DFCECCB00D18639 /* RP.xcodeproj */ = {isa = PBXFileReference; lastKnownFileType = "wrapper.pb-project"; path = RP.xcodeproj; sourceTree = "<group>"; };
		E5ECBB942DF0A39B00F74780 /* RP.xcodeproj */ = {isa = PBXFileReference; lastKnownFileType = "wrapper.pb-project"; path = RP.xcodeproj; sourceTree = "<group>"; };
/* End PBXFileReference section */

/* Begin PBXFileSystemSynchronizedBuildFileExceptionSet section */
		E5AC0F7D2DE4E96C00B0836E /* Exceptions for "RP" folder in "Radio Paradise" target */ = {
			isa = PBXFileSystemSynchronizedBuildFileExceptionSet;
			membershipExceptions = (
				Info.plist,
			);
			target = E5AC0F692DE4E90500B0836E /* Radio Paradise */;
		};
/* End PBXFileSystemSynchronizedBuildFileExceptionSet section */

/* Begin PBXFileSystemSynchronizedRootGroup section */
		E5AC0F6C2DE4E90500B0836E /* RP */ = {
			isa = PBXFileSystemSynchronizedRootGroup;
			exceptions = (
				E5AC0F7D2DE4E96C00B0836E /* Exceptions for "RP" folder in "Radio Paradise" target */,
			);
			path = RP;
			sourceTree = "<group>";
		};
/* End PBXFileSystemSynchronizedRootGroup section */

/* Begin PBXFrameworksBuildPhase section */
		E5AC0F672DE4E90500B0836E /* Frameworks */ = {
			isa = PBXFrameworksBuildPhase;
			buildActionMask = 2147483647;
			files = (
				E5B012152DFD0D4000D18639 /* MusadoraKit in Frameworks */,
				E51993B02DE8137E00794AF4 /* AudioStreaming in Frameworks */,
				E5ECBBA62DFCD1F900F74780 /* MusadoraKit in Frameworks */,
				E537021B2E15D47B00413729 /* LRUCache in Frameworks */,
			);
			runOnlyForDeploymentPostprocessing = 0;
		};
/* End PBXFrameworksBuildPhase section */

/* Begin PBXGroup section */
		E51993A72DE811F600794AF4 /* Products */ = {
			isa = PBXGroup;
			name = Products;
			sourceTree = "<group>";
		};
		E51993B92DEA259300794AF4 /* Products */ = {
			isa = PBXGroup;
			name = Products;
			sourceTree = "<group>";
		};
		E51DF7492E03B98C004AEF37 /* Products */ = {
			isa = PBXGroup;
			name = Products;
			sourceTree = "<group>";
		};
		E537020E2E15B47700413729 /* Products */ = {
			isa = PBXGroup;
			name = Products;
			sourceTree = "<group>";
		};
		E59A91172E0A46E400E0983C /* Products */ = {
			isa = PBXGroup;
			name = Products;
			sourceTree = "<group>";
		};
		E5AC0F612DE4E90500B0836E = {
			isa = PBXGroup;
			children = (
				E5AC0F6C2DE4E90500B0836E /* RP */,
				E5AC0F6B2DE4E90500B0836E /* Products */,
			);
			sourceTree = "<group>";
		};
		E5AC0F6B2DE4E90500B0836E /* Products */ = {
			isa = PBXGroup;
			children = (
				E5AC0F6A2DE4E90500B0836E /* Radio Paradise.app */,
			);
			name = Products;
			sourceTree = "<group>";
		};
		E5AC0F842DE4EABE00B0836E /* Products */ = {
			isa = PBXGroup;
			name = Products;
			sourceTree = "<group>";
		};
		E5B012082DFCECCB00D18639 /* Products */ = {
			isa = PBXGroup;
			name = Products;
			sourceTree = "<group>";
		};
		E5ECBB962DF0A39B00F74780 /* Products */ = {
			isa = PBXGroup;
			name = Products;
			sourceTree = "<group>";
		};
/* End PBXGroup section */

/* Begin PBXNativeTarget section */
		E5AC0F692DE4E90500B0836E /* Radio Paradise */ = {
			isa = PBXNativeTarget;
			buildConfigurationList = E5AC0F792DE4E90600B0836E /* Build configuration list for PBXNativeTarget "Radio Paradise" */;
			buildPhases = (
				E5AC0F662DE4E90500B0836E /* Sources */,
				E5AC0F672DE4E90500B0836E /* Frameworks */,
				E5AC0F682DE4E90500B0836E /* Resources */,
			);
			buildRules = (
			);
			dependencies = (
			);
			fileSystemSynchronizedGroups = (
				E5AC0F6C2DE4E90500B0836E /* RP */,
			);
			name = "Radio Paradise";
			packageProductDependencies = (
				E51993AF2DE8137E00794AF4 /* AudioStreaming */,
				E5ECBBA52DFCD1F900F74780 /* MusadoraKit */,
				E5B012142DFD0D4000D18639 /* MusadoraKit */,
				E537021A2E15D47B00413729 /* LRUCache */,
			);
			productName = RP;
			productReference = E5AC0F6A2DE4E90500B0836E /* Radio Paradise.app */;
			productType = "com.apple.product-type.application";
		};
/* End PBXNativeTarget section */

/* Begin PBXProject section */
		E5AC0F622DE4E90500B0836E /* Project object */ = {
			isa = PBXProject;
			attributes = {
				BuildIndependentTargetsInParallel = 1;
				LastSwiftUpdateCheck = 1620;
				LastUpgradeCheck = 1620;
				TargetAttributes = {
					E5AC0F692DE4E90500B0836E = {
						CreatedOnToolsVersion = 16.2;
					};
				};
			};
			buildConfigurationList = E5AC0F652DE4E90500B0836E /* Build configuration list for PBXProject "RP" */;
			developmentRegion = en;
			hasScannedForEncodings = 0;
			knownRegions = (
				en,
				Base,
			);
			mainGroup = E5AC0F612DE4E90500B0836E;
			minimizedProjectReferenceProxies = 1;
			packageReferences = (
				E51993AE2DE8137E00794AF4 /* XCRemoteSwiftPackageReference "AudioStreaming" */,
				E5B012132DFD0D4000D18639 /* XCRemoteSwiftPackageReference "MusadoraKit" */,
				E53702192E15D47B00413729 /* XCRemoteSwiftPackageReference "LRUCache" */,
			);
			preferredProjectObjectVersion = 77;
			productRefGroup = E5AC0F6B2DE4E90500B0836E /* Products */;
			projectDirPath = "";
			projectReferences = (
				{
					ProductGroup = E51DF7492E03B98C004AEF37 /* Products */;
					ProjectRef = E51DF7472E03B98C004AEF37 /* RP.xcodeproj */;
				},
				{
					ProductGroup = E5AC0F842DE4EABE00B0836E /* Products */;
					ProjectRef = E5AC0F832DE4EABE00B0836E /* RP.xcodeproj */;
				},
				{
					ProductGroup = E5ECBB962DF0A39B00F74780 /* Products */;
					ProjectRef = E5ECBB942DF0A39B00F74780 /* RP.xcodeproj */;
				},
				{
					ProductGroup = E5B012082DFCECCB00D18639 /* Products */;
					ProjectRef = E5B012062DFCECCB00D18639 /* RP.xcodeproj */;
				},
				{
					ProductGroup = E51993B92DEA259300794AF4 /* Products */;
					ProjectRef = E51993B82DEA259300794AF4 /* RP.xcodeproj */;
				},
				{
					ProductGroup = E537020E2E15B47700413729 /* Products */;
					ProjectRef = E537020C2E15B47700413729 /* RP.xcodeproj */;
				},
				{
					ProductGroup = E51993A72DE811F600794AF4 /* Products */;
					ProjectRef = E51993A62DE811F600794AF4 /* RP.xcodeproj */;
				},
				{
					ProductGroup = E59A91172E0A46E400E0983C /* Products */;
					ProjectRef = E59A91152E0A46E400E0983C /* RP.xcodeproj */;
				},
			);
			projectRoot = "";
			targets = (
				E5AC0F692DE4E90500B0836E /* Radio Paradise */,
			);
		};
/* End PBXProject section */

/* Begin PBXResourcesBuildPhase section */
		E5AC0F682DE4E90500B0836E /* Resources */ = {
			isa = PBXResourcesBuildPhase;
			buildActionMask = 2147483647;
			files = (
			);
			runOnlyForDeploymentPostprocessing = 0;
		};
/* End PBXResourcesBuildPhase section */

/* Begin PBXSourcesBuildPhase section */
		E5AC0F662DE4E90500B0836E /* Sources */ = {
			isa = PBXSourcesBuildPhase;
			buildActionMask = 2147483647;
			files = (
			);
			runOnlyForDeploymentPostprocessing = 0;
		};
/* End PBXSourcesBuildPhase section */

/* Begin XCBuildConfiguration section */
		E5AC0F772DE4E90600B0836E /* Debug */ = {
			isa = XCBuildConfiguration;
			buildSettings = {
				ALWAYS_SEARCH_USER_PATHS = NO;
				ASSETCATALOG_COMPILER_GENERATE_SWIFT_ASSET_SYMBOL_EXTENSIONS = YES;
				CLANG_ANALYZER_NONNULL = YES;
				CLANG_ANALYZER_NUMBER_OBJECT_CONVERSION = YES_AGGRESSIVE;
				CLANG_CXX_LANGUAGE_STANDARD = "gnu++20";
				CLANG_ENABLE_MODULES = YES;
				CLANG_ENABLE_OBJC_ARC = YES;
				CLANG_ENABLE_OBJC_WEAK = YES;
				CLANG_WARN_BLOCK_CAPTURE_AUTORELEASING = YES;
				CLANG_WARN_BOOL_CONVERSION = YES;
				CLANG_WARN_COMMA = YES;
				CLANG_WARN_CONSTANT_CONVERSION = YES;
				CLANG_WARN_DEPRECATED_OBJC_IMPLEMENTATIONS = YES;
				CLANG_WARN_DIRECT_OBJC_ISA_USAGE = YES_ERROR;
				CLANG_WARN_DOCUMENTATION_COMMENTS = YES;
				CLANG_WARN_EMPTY_BODY = YES;
				CLANG_WARN_ENUM_CONVERSION = YES;
				CLANG_WARN_INFINITE_RECURSION = YES;
				CLANG_WARN_INT_CONVERSION = YES;
				CLANG_WARN_NON_LITERAL_NULL_CONVERSION = YES;
				CLANG_WARN_OBJC_IMPLICIT_RETAIN_SELF = YES;
				CLANG_WARN_OBJC_LITERAL_CONVERSION = YES;
				CLANG_WARN_OBJC_ROOT_CLASS = YES_ERROR;
				CLANG_WARN_QUOTED_INCLUDE_IN_FRAMEWORK_HEADER = YES;
				CLANG_WARN_RANGE_LOOP_ANALYSIS = YES;
				CLANG_WARN_STRICT_PROTOTYPES = YES;
				CLANG_WARN_SUSPICIOUS_MOVE = YES;
				CLANG_WARN_UNGUARDED_AVAILABILITY = YES_AGGRESSIVE;
				CLANG_WARN_UNREACHABLE_CODE = YES;
				CLANG_WARN__DUPLICATE_METHOD_MATCH = YES;
				COPY_PHASE_STRIP = NO;
				DEBUG_INFORMATION_FORMAT = dwarf;
				ENABLE_STRICT_OBJC_MSGSEND = YES;
				ENABLE_TESTABILITY = YES;
				ENABLE_USER_SCRIPT_SANDBOXING = YES;
				GCC_C_LANGUAGE_STANDARD = gnu17;
				GCC_DYNAMIC_NO_PIC = NO;
				GCC_NO_COMMON_BLOCKS = YES;
				GCC_OPTIMIZATION_LEVEL = 0;
				GCC_PREPROCESSOR_DEFINITIONS = (
					"DEBUG=1",
					"$(inherited)",
				);
				GCC_WARN_64_TO_32_BIT_CONVERSION = YES;
				GCC_WARN_ABOUT_RETURN_TYPE = YES_ERROR;
				GCC_WARN_UNDECLARED_SELECTOR = YES;
				GCC_WARN_UNINITIALIZED_AUTOS = YES_AGGRESSIVE;
				GCC_WARN_UNUSED_FUNCTION = YES;
				GCC_WARN_UNUSED_VARIABLE = YES;
				LOCALIZATION_PREFERS_STRING_CATALOGS = YES;
				MACOSX_DEPLOYMENT_TARGET = 14.0;
				MTL_ENABLE_DEBUG_INFO = INCLUDE_SOURCE;
				MTL_FAST_MATH = YES;
				ONLY_ACTIVE_ARCH = YES;
				SDKROOT = macosx;
				SWIFT_ACTIVE_COMPILATION_CONDITIONS = "DEBUG $(inherited)";
				SWIFT_OPTIMIZATION_LEVEL = "-Onone";
			};
			name = Debug;
		};
		E5AC0F782DE4E90600B0836E /* Release */ = {
			isa = XCBuildConfiguration;
			buildSettings = {
				ALWAYS_SEARCH_USER_PATHS = NO;
				ASSETCATALOG_COMPILER_GENERATE_SWIFT_ASSET_SYMBOL_EXTENSIONS = YES;
				CLANG_ANALYZER_NONNULL = YES;
				CLANG_ANALYZER_NUMBER_OBJECT_CONVERSION = YES_AGGRESSIVE;
				CLANG_CXX_LANGUAGE_STANDARD = "gnu++20";
				CLANG_ENABLE_MODULES = YES;
				CLANG_ENABLE_OBJC_ARC = YES;
				CLANG_ENABLE_OBJC_WEAK = YES;
				CLANG_WARN_BLOCK_CAPTURE_AUTORELEASING = YES;
				CLANG_WARN_BOOL_CONVERSION = YES;
				CLANG_WARN_COMMA = YES;
				CLANG_WARN_CONSTANT_CONVERSION = YES;
				CLANG_WARN_DEPRECATED_OBJC_IMPLEMENTATIONS = YES;
				CLANG_WARN_DIRECT_OBJC_ISA_USAGE = YES_ERROR;
				CLANG_WARN_DOCUMENTATION_COMMENTS = YES;
				CLANG_WARN_EMPTY_BODY = YES;
				CLANG_WARN_ENUM_CONVERSION = YES;
				CLANG_WARN_INFINITE_RECURSION = YES;
				CLANG_WARN_INT_CONVERSION = YES;
				CLANG_WARN_NON_LITERAL_NULL_CONVERSION = YES;
				CLANG_WARN_OBJC_IMPLICIT_RETAIN_SELF = YES;
				CLANG_WARN_OBJC_LITERAL_CONVERSION = YES;
				CLANG_WARN_OBJC_ROOT_CLASS = YES_ERROR;
				CLANG_WARN_QUOTED_INCLUDE_IN_FRAMEWORK_HEADER = YES;
				CLANG_WARN_RANGE_LOOP_ANALYSIS = YES;
				CLANG_WARN_STRICT_PROTOTYPES = YES;
				CLANG_WARN_SUSPICIOUS_MOVE = YES;
				CLANG_WARN_UNGUARDED_AVAILABILITY = YES_AGGRESSIVE;
				CLANG_WARN_UNREACHABLE_CODE = YES;
				CLANG_WARN__DUPLICATE_METHOD_MATCH = YES;
				COPY_PHASE_STRIP = NO;
				DEBUG_INFORMATION_FORMAT = "dwarf-with-dsym";
				ENABLE_NS_ASSERTIONS = NO;
				ENABLE_STRICT_OBJC_MSGSEND = YES;
				ENABLE_USER_SCRIPT_SANDBOXING = YES;
				GCC_C_LANGUAGE_STANDARD = gnu17;
				GCC_NO_COMMON_BLOCKS = YES;
				GCC_WARN_64_TO_32_BIT_CONVERSION = YES;
				GCC_WARN_ABOUT_RETURN_TYPE = YES_ERROR;
				GCC_WARN_UNDECLARED_SELECTOR = YES;
				GCC_WARN_UNINITIALIZED_AUTOS = YES_AGGRESSIVE;
				GCC_WARN_UNUSED_FUNCTION = YES;
				GCC_WARN_UNUSED_VARIABLE = YES;
				LOCALIZATION_PREFERS_STRING_CATALOGS = YES;
				MACOSX_DEPLOYMENT_TARGET = 14.0;
				MTL_ENABLE_DEBUG_INFO = NO;
				MTL_FAST_MATH = YES;
				SDKROOT = macosx;
				SWIFT_COMPILATION_MODE = wholemodule;
			};
			name = Release;
		};
		E5AC0F7A2DE4E90600B0836E /* Debug */ = {
			isa = XCBuildConfiguration;
			buildSettings = {
				ASSETCATALOG_COMPILER_APPICON_NAME = AppIcon;
				ASSETCATALOG_COMPILER_GLOBAL_ACCENT_COLOR_NAME = AccentColor;
				CODE_SIGN_ENTITLEMENTS = RP/RP.entitlements;
				CODE_SIGN_STYLE = Automatic;
				COMBINE_HIDPI_IMAGES = YES;
				CURRENT_PROJECT_VERSION = 1020;
				DEVELOPMENT_TEAM = "";
				ENABLE_HARDENED_RUNTIME = YES;
				GENERATE_INFOPLIST_FILE = YES;
				INFOPLIST_FILE = RP/Info.plist;
				INFOPLIST_KEY_CFBundleDisplayName = "Radio Paradise";
				INFOPLIST_KEY_LSApplicationCategoryType = "public.app-category.music";
				INFOPLIST_KEY_LSUIElement = YES;
				INFOPLIST_KEY_NSAppleMusicUsageDescription = "This app needs access to Apple Music to add songs to your playlists.";
				INFOPLIST_KEY_NSHumanReadableCopyright = "";
				INFOPLIST_KEY_NSMainStoryboardFile = Main;
				INFOPLIST_KEY_NSPrincipalClass = NSApplication;
				LD_RUNPATH_SEARCH_PATHS = (
					"$(inherited)",
					"@executable_path/../Frameworks",
				);
				MACOSX_DEPLOYMENT_TARGET = 13.0;
				MARKETING_VERSION = 1.0.2;
				PRODUCT_BUNDLE_IDENTIFIER = dev.rybr.radioparadise;
				PRODUCT_NAME = "$(TARGET_NAME)";
				SWIFT_EMIT_LOC_STRINGS = YES;
				SWIFT_VERSION = 5.0;
			};
			name = Debug;
		};
		E5AC0F7B2DE4E90600B0836E /* Release */ = {
			isa = XCBuildConfiguration;
			buildSettings = {
				ASSETCATALOG_COMPILER_APPICON_NAME = AppIcon;
				ASSETCATALOG_COMPILER_GLOBAL_ACCENT_COLOR_NAME = AccentColor;
				CODE_SIGN_ENTITLEMENTS = RP/RP.entitlements;
				CODE_SIGN_STYLE = Automatic;
				COMBINE_HIDPI_IMAGES = YES;
				CURRENT_PROJECT_VERSION = 1020;
				DEVELOPMENT_TEAM = "";
				ENABLE_HARDENED_RUNTIME = YES;
				GENERATE_INFOPLIST_FILE = YES;
				INFOPLIST_FILE = RP/Info.plist;
				INFOPLIST_KEY_CFBundleDisplayName = "Radio Paradise";
				INFOPLIST_KEY_LSApplicationCategoryType = "public.app-category.music";
				INFOPLIST_KEY_LSUIElement = YES;
				INFOPLIST_KEY_NSAppleMusicUsageDescription = "This app needs access to Apple Music to add songs to your playlists.";
				INFOPLIST_KEY_NSHumanReadableCopyright = "";
				INFOPLIST_KEY_NSMainStoryboardFile = Main;
				INFOPLIST_KEY_NSPrincipalClass = NSApplication;
				LD_RUNPATH_SEARCH_PATHS = (
					"$(inherited)",
					"@executable_path/../Frameworks",
				);
				MACOSX_DEPLOYMENT_TARGET = 13.0;
				MARKETING_VERSION = 1.0.2;
				PRODUCT_BUNDLE_IDENTIFIER = dev.rybr.radioparadise;
				PRODUCT_NAME = "$(TARGET_NAME)";
				SWIFT_EMIT_LOC_STRINGS = YES;
				SWIFT_VERSION = 5.0;
			};
			name = Release;
		};
/* End XCBuildConfiguration section */

/* Begin XCConfigurationList section */
		E5AC0F652DE4E90500B0836E /* Build configuration list for PBXProject "RP" */ = {
			isa = XCConfigurationList;
			buildConfigurations = (
				E5AC0F772DE4E90600B0836E /* Debug */,
				E5AC0F782DE4E90600B0836E /* Release */,
			);
			defaultConfigurationIsVisible = 0;
			defaultConfigurationName = Release;
		};
		E5AC0F792DE4E90600B0836E /* Build configuration list for PBXNativeTarget "Radio Paradise" */ = {
			isa = XCConfigurationList;
			buildConfigurations = (
				E5AC0F7A2DE4E90600B0836E /* Debug */,
				E5AC0F7B2DE4E90600B0836E /* Release */,
			);
			defaultConfigurationIsVisible = 0;
			defaultConfigurationName = Release;
		};
/* End XCConfigurationList section */

/* Begin XCRemoteSwiftPackageReference section */
		E51993AE2DE8137E00794AF4 /* XCRemoteSwiftPackageReference "AudioStreaming" */ = {
			isa = XCRemoteSwiftPackageReference;
			repositoryURL = "https://github.com/dimitris-c/AudioStreaming.git";
			requirement = {
				kind = upToNextMajorVersion;
				minimumVersion = 1.2.7;
			};
		};
		E53702192E15D47B00413729 /* XCRemoteSwiftPackageReference "LRUCache" */ = {
			isa = XCRemoteSwiftPackageReference;
			repositoryURL = "https://github.com/nicklockwood/LRUCache.git";
			requirement = {
				kind = upToNextMajorVersion;
				minimumVersion = 1.0.7;
			};
		};
		E5B012132DFD0D4000D18639 /* XCRemoteSwiftPackageReference "MusadoraKit" */ = {
			isa = XCRemoteSwiftPackageReference;
			repositoryURL = "https://github.com/rryam/MusadoraKit";
			requirement = {
				kind = exactVersion;
				version = 6.2.0;
			};
		};
/* End XCRemoteSwiftPackageReference section */

/* Begin XCSwiftPackageProductDependency section */
		E51993AF2DE8137E00794AF4 /* AudioStreaming */ = {
			isa = XCSwiftPackageProductDependency;
			package = E51993AE2DE8137E00794AF4 /* XCRemoteSwiftPackageReference "AudioStreaming" */;
			productName = AudioStreaming;
		};
		E537021A2E15D47B00413729 /* LRUCache */ = {
			isa = XCSwiftPackageProductDependency;
			package = E53702192E15D47B00413729 /* XCRemoteSwiftPackageReference "LRUCache" */;
			productName = LRUCache;
		};
		E5B012142DFD0D4000D18639 /* MusadoraKit */ = {
			isa = XCSwiftPackageProductDependency;
			package = E5B012132DFD0D4000D18639 /* XCRemoteSwiftPackageReference "MusadoraKit" */;
			productName = MusadoraKit;
		};
		E5ECBBA52DFCD1F900F74780 /* MusadoraKit */ = {
			isa = XCSwiftPackageProductDependency;
			productName = MusadoraKit;
		};
/* End XCSwiftPackageProductDependency section */
	};
	rootObject = E5AC0F622DE4E90500B0836E /* Project object */;
}
